
Microsoft Visual Studio Solution File, Format Version 12.00
# Visual Studio Version 17
VisualStudioVersion = 17.2.32408.312
MinimumVisualStudioVersion = 10.0.40219.1
Project("{9A19103F-16F7-4668-BE54-9A1E7A4F7556}") = "OOP_4_1", "OOP_4_1\OOP_4_1.csproj", "{6221FF0A-6E94-4BD2-840F-70258B23AF9B}"
EndProject
Project("{9A19103F-16F7-4668-BE54-9A1E7A4F7556}") = "OOP_4_2", "OOP_4_2\OOP_4_2.csproj", "{C8B6B36B-406D-4B0A-81E6-518A8E059447}"
EndProject
Project("{9A19103F-16F7-4668-BE54-9A1E7A4F7556}") = "OOP_4_3", "OOP_4_3\OOP_4_3.csproj", "{122487F4-AACD-46DD-A17E-11ABB25C7422}"
EndProject
Project("{9A19103F-16F7-4668-BE54-9A1E7A4F7556}") = "OOP_4_4", "OOP_4_4\OOP_4_4.csproj", "{B8DAC380-0C3D-4E75-A8C3-248114B19DC4}"
EndProject
Project("{9A19103F-16F7-4668-BE54-9A1E7A4F7556}") = "OOP_4_2_2", "OOP_4_2_2\OOP_4_2_2.csproj", "{2C06C9B4-BFD4-4985-9848-1A5B4874B206}"
EndProject
Project("{FAE04EC0-301F-11D3-BF4B-00C04F79EFBC}") = "4_3_test", "4_3_test\4_3_test.csproj", "{89B826AD-CF58-43B7-BACD-356857459F56}"
EndProject
Global
	GlobalSection(SolutionConfigurationPlatforms) = preSolution
		Debug|Any CPU = Debug|Any CPU
		Release|Any CPU = Release|Any CPU
	EndGlobalSection
	GlobalSection(ProjectConfigurationPlatforms) = postSolution
		{6221FF0A-6E94-4BD2-840F-70258B23AF9B}.Debug|Any CPU.ActiveCfg = Debug|Any CPU
		{6221FF0A-6E94-4BD2-840F-70258B23AF9B}.Debug|Any CPU.Build.0 = Debug|Any CPU
		{6221FF0A-6E94-4BD2-840F-70258B23AF9B}.Release|Any CPU.ActiveCfg = Release|Any CPU
		{6221FF0A-6E94-4BD2-840F-70258B23AF9B}.Release|Any CPU.Build.0 = Release|Any CPU
		{C8B6B36B-406D-4B0A-81E6-518A8E059447}.Debug|Any CPU.ActiveCfg = Debug|Any CPU
		{C8B6B36B-406D-4B0A-81E6-518A8E059447}.Debug|Any CPU.Build.0 = Debug|Any CPU
		{C8B6B36B-406D-4B0A-81E6-518A8E059447}.Release|Any CPU.ActiveCfg = Release|Any CPU
		{C8B6B36B-406D-4B0A-81E6-518A8E059447}.Release|Any CPU.Build.0 = Release|Any CPU
		{122487F4-AACD-46DD-A17E-11ABB25C7422}.Debug|Any CPU.ActiveCfg = Debug|Any CPU
		{122487F4-AACD-46DD-A17E-11ABB25C7422}.Debug|Any CPU.Build.0 = Debug|Any CPU
		{122487F4-AACD-46DD-A17E-11ABB25C7422}.Release|Any CPU.ActiveCfg = Release|Any CPU
		{122487F4-AACD-46DD-A17E-11ABB25C7422}.Release|Any CPU.Build.0 = Release|Any CPU
		{B8DAC380-0C3D-4E75-A8C3-248114B19DC4}.Debug|Any CPU.ActiveCfg = Debug|Any CPU
		{B8DAC380-0C3D-4E75-A8C3-248114B19DC4}.Debug|Any CPU.Build.0 = Debug|Any CPU
		{B8DAC380-0C3D-4E75-A8C3-248114B19DC4}.Release|Any CPU.ActiveCfg = Release|Any CPU
		{B8DAC380-0C3D-4E75-A8C3-248114B19DC4}.Release|Any CPU.Build.0 = Release|Any CPU
		{2C06C9B4-BFD4-4985-9848-1A5B4874B206}.Debug|Any CPU.ActiveCfg = Debug|Any CPU
		{2C06C9B4-BFD4-4985-9848-1A5B4874B206}.Debug|Any CPU.Build.0 = Debug|Any CPU
		{2C06C9B4-BFD4-4985-9848-1A5B4874B206}.Release|Any CPU.ActiveCfg = Release|Any CPU
		{2C06C9B4-BFD4-4985-9848-1A5B4874B206}.Release|Any CPU.Build.0 = Release|Any CPU
		{89B826AD-CF58-43B7-BACD-356857459F56}.Debug|Any CPU.ActiveCfg = Debug|Any CPU
		{89B826AD-CF58-43B7-BACD-356857459F56}.Debug|Any CPU.Build.0 = Debug|Any CPU
		{89B826AD-CF58-43B7-BACD-356857459F56}.Release|Any CPU.ActiveCfg = Release|Any CPU
		{89B826AD-CF58-43B7-BACD-356857459F56}.Release|Any CPU.Build.0 = Release|Any CPU
	EndGlobalSection
	GlobalSection(SolutionProperties) = preSolution
		HideSolutionNode = FALSE
	EndGlobalSection
	GlobalSection(ExtensibilityGlobals) = postSolution
		SolutionGuid = {974696C1-E506-41DB-BED3-B809F5F607B5}
	EndGlobalSection
EndGlobal
